
Microsoft Visual Studio Solution File, Format Version 12.00
# Visual Studio Version 16
VisualStudioVersion = 16.0.33130.400
MinimumVisualStudioVersion = 10.0.40219.1
Project("{9A19103F-16F7-4668-BE54-9A1E7A4F7556}") = "TestTask3.Worker", "TestTask3.Worker\TestTask3.Worker.csproj", "{5E18A530-7F15-4A80-B1A4-E075588EDD0F}"
EndProject
Project("{9A19103F-16F7-4668-BE54-9A1E7A4F7556}") = "TestTask3.API", "TestTask3.API\TestTask3.API.csproj", "{5E1ABF2D-6E70-4E51-9C41-6E9894B468C0}"
EndProject
Project("{9A19103F-16F7-4668-BE54-9A1E7A4F7556}") = "TestTask3.Common", "TestTask3.Common\TestTask3.Common.csproj", "{98729561-12AF-4D17-AA7D-2CF1B16AC535}"
EndProject
Global
	GlobalSection(SolutionConfigurationPlatforms) = preSolution
		Debug|Any CPU = Debug|Any CPU
		Release|Any CPU = Release|Any CPU
	EndGlobalSection
	GlobalSection(ProjectConfigurationPlatforms) = postSolution
		{5E18A530-7F15-4A80-B1A4-E075588EDD0F}.Debug|Any CPU.ActiveCfg = Debug|Any CPU
		{5E18A530-7F15-4A80-B1A4-E075588EDD0F}.Debug|Any CPU.Build.0 = Debug|Any CPU
		{5E18A530-7F15-4A80-B1A4-E075588EDD0F}.Release|Any CPU.ActiveCfg = Release|Any CPU
		{5E18A530-7F15-4A80-B1A4-E075588EDD0F}.Release|Any CPU.Build.0 = Release|Any CPU
		{5E1ABF2D-6E70-4E51-9C41-6E9894B468C0}.Debug|Any CPU.ActiveCfg = Debug|Any CPU
		{5E1ABF2D-6E70-4E51-9C41-6E9894B468C0}.Debug|Any CPU.Build.0 = Debug|Any CPU
		{5E1ABF2D-6E70-4E51-9C41-6E9894B468C0}.Release|Any CPU.ActiveCfg = Release|Any CPU
		{5E1ABF2D-6E70-4E51-9C41-6E9894B468C0}.Release|Any CPU.Build.0 = Release|Any CPU
		{98729561-12AF-4D17-AA7D-2CF1B16AC535}.Debug|Any CPU.ActiveCfg = Debug|Any CPU
		{98729561-12AF-4D17-AA7D-2CF1B16AC535}.Debug|Any CPU.Build.0 = Debug|Any CPU
		{98729561-12AF-4D17-AA7D-2CF1B16AC535}.Release|Any CPU.ActiveCfg = Release|Any CPU
		{98729561-12AF-4D17-AA7D-2CF1B16AC535}.Release|Any CPU.Build.0 = Release|Any CPU
	EndGlobalSection
	GlobalSection(SolutionProperties) = preSolution
		HideSolutionNode = FALSE
	EndGlobalSection
	GlobalSection(ExtensibilityGlobals) = postSolution
		SolutionGuid = {2A9AE576-585E-4872-A764-A6018DA61C0E}
	EndGlobalSection
EndGlobal
